# This file is automatically @generated by Cargo.
# It is not intended for manual editing.
version = 4

[[package]]
name = "suika"
version = "0.1.1"
dependencies = [
 "suika_json",
 "suika_mime",
 "suika_server",
 "suika_templates",
 "suika_utils",
]

[[package]]
name = "suika_example"
version = "0.1.0"
dependencies = [
 "suika",
]

[[package]]
name = "suika_json"
version = "0.1.0"
dependencies = [
 "suika_utils",
]

[[package]]
name = "suika_mime"
version = "0.1.0"

[[package]]
name = "suika_server"
version = "0.1.0"
dependencies = [
 "suika_json",
 "suika_mime",
 "suika_utils",
]

[[package]]
name = "suika_templates"
version = "0.1.1"

[[package]]
name = "suika_utils"
version = "0.1.0"
