# This file is automatically @generated by Cargo.
# It is not intended for manual editing.
version = 4

[[package]]
name = "core_async"
version = "0.1.0"

[[package]]
name = "core_http"
version = "0.1.0"
dependencies = [
 "core_http_errors",
 "core_json",
 "core_mime_type",
 "core_utils",
]

[[package]]
name = "core_http_errors"
version = "0.1.0"

[[package]]
name = "core_json"
version = "0.1.0"

[[package]]
name = "core_middleware"
version = "0.1.0"
dependencies = [
 "core_http",
 "core_http_errors",
 "core_json",
 "core_mime_type",
]

[[package]]
name = "core_mime_type"
version = "0.1.0"

[[package]]
name = "core_router"
version = "0.1.0"
dependencies = [
 "core_http",
 "core_http_errors",
 "core_json",
 "core_middleware",
]

[[package]]
name = "core_server"
version = "0.1.0"
dependencies = [
 "core_async",
 "core_http",
 "core_http_errors",
 "core_middleware",
 "core_router",
]

[[package]]
name = "core_templates"
version = "0.1.0"
dependencies = [
 "core_json",
]

[[package]]
name = "core_utils"
version = "0.1.0"

[[package]]
name = "rust-serve"
version = "0.1.0"
dependencies = [
 "core_async",
 "core_http",
 "core_http_errors",
 "core_json",
 "core_middleware",
 "core_mime_type",
 "core_router",
 "core_server",
 "core_templates",
 "core_utils",
]
